PODS:
  - LicensePlist (3.0.5)
  - Realm (10.5.1):
    - Realm/Headers (= 10.5.1)
  - Realm/Headers (10.5.1)
  - RealmSwift (10.5.1):
    - Realm (= 10.5.1)

DEPENDENCIES:
  - LicensePlist
  - RealmSwift

SPEC REPOS:
  trunk:
    - LicensePlist
    - Realm
    - RealmSwift

SPEC CHECKSUMS:
  LicensePlist: 11c638fa9dc22ddb5771cdf910242ae1ba2684da
  Realm: 77fcb4e0b9f2963ea06f584749a0d7dc9cab95e1
  RealmSwift: 6abe6aa6cd8b70cc1a87afcb9232cabea74ff1ac

PODFILE CHECKSUM: 86de5f090d351a794cd04644ce64fd87592eb364

COCOAPODS: 1.10.0
