// !$*UTF8*$!
{
	archiveVersion = 1;
	classes = {
	};
	objectVersion = 51;
	objects = {

/* Begin PBXBuildFile section */
		0E99C4F1A4D3485BD8C9346E /* Pods_Mytimer.framework in Frameworks */ = {isa = PBXBuildFile; fileRef = F09780AE3D19639A8200B1D1 /* Pods_Mytimer.framework */; };
		955870A525BC40C4004575A8 /* MyTimer.swift in Sources */ = {isa = PBXBuildFile; fileRef = 955870A425BC40C4004575A8 /* MyTimer.swift */; };
		955870A825BC4133004575A8 /* DataSource.swift in Sources */ = {isa = PBXBuildFile; fileRef = 955870A725BC4133004575A8 /* DataSource.swift */; };
		958C19FF25BC068200A8CD53 /* ListViewController.swift in Sources */ = {isa = PBXBuildFile; fileRef = 958C19FE25BC068200A8CD53 /* ListViewController.swift */; };
		95AD243F25BAFF93005D7E34 /* AppDelegate.swift in Sources */ = {isa = PBXBuildFile; fileRef = 95AD243E25BAFF93005D7E34 /* AppDelegate.swift */; };
		95AD244125BAFF93005D7E34 /* SceneDelegate.swift in Sources */ = {isa = PBXBuildFile; fileRef = 95AD244025BAFF93005D7E34 /* SceneDelegate.swift */; };
		95AD244625BAFF93005D7E34 /* Main.storyboard in Resources */ = {isa = PBXBuildFile; fileRef = 95AD244425BAFF93005D7E34 /* Main.storyboard */; };
		95AD244825BAFF94005D7E34 /* Assets.xcassets in Resources */ = {isa = PBXBuildFile; fileRef = 95AD244725BAFF94005D7E34 /* Assets.xcassets */; };
		95AD244B25BAFF94005D7E34 /* LaunchScreen.storyboard in Resources */ = {isa = PBXBuildFile; fileRef = 95AD244925BAFF94005D7E34 /* LaunchScreen.storyboard */; };
		95AD245525BB02EB005D7E34 /* HomeViewController.swift in Sources */ = {isa = PBXBuildFile; fileRef = 95AD245425BB02EB005D7E34 /* HomeViewController.swift */; };
		95CD273825BBC78E00B8B89C /* SettingViewController.swift in Sources */ = {isa = PBXBuildFile; fileRef = 95CD273725BBC78E00B8B89C /* SettingViewController.swift */; };
		95CD273B25BBC93400B8B89C /* Extensions.swift in Sources */ = {isa = PBXBuildFile; fileRef = 95CD273A25BBC93400B8B89C /* Extensions.swift */; };
/* End PBXBuildFile section */

/* Begin PBXFileReference section */
		2C5FE235291A6D2497E4A029 /* Pods-Mytimer.release.xcconfig */ = {isa = PBXFileReference; includeInIndex = 1; lastKnownFileType = text.xcconfig; name = "Pods-Mytimer.release.xcconfig"; path = "Target Support Files/Pods-Mytimer/Pods-Mytimer.release.xcconfig"; sourceTree = "<group>"; };
		955870A425BC40C4004575A8 /* MyTimer.swift */ = {isa = PBXFileReference; lastKnownFileType = sourcecode.swift; path = MyTimer.swift; sourceTree = "<group>"; };
		955870A725BC4133004575A8 /* DataSource.swift */ = {isa = PBXFileReference; lastKnownFileType = sourcecode.swift; path = DataSource.swift; sourceTree = "<group>"; };
		958C19FE25BC068200A8CD53 /* ListViewController.swift */ = {isa = PBXFileReference; lastKnownFileType = sourcecode.swift; path = ListViewController.swift; sourceTree = "<group>"; };
		95AD243B25BAFF93005D7E34 /* Mytimer.app */ = {isa = PBXFileReference; explicitFileType = wrapper.application; includeInIndex = 0; path = Mytimer.app; sourceTree = BUILT_PRODUCTS_DIR; };
		95AD243E25BAFF93005D7E34 /* AppDelegate.swift */ = {isa = PBXFileReference; lastKnownFileType = sourcecode.swift; path = AppDelegate.swift; sourceTree = "<group>"; };
		95AD244025BAFF93005D7E34 /* SceneDelegate.swift */ = {isa = PBXFileReference; lastKnownFileType = sourcecode.swift; path = SceneDelegate.swift; sourceTree = "<group>"; };
		95AD244525BAFF93005D7E34 /* Base */ = {isa = PBXFileReference; lastKnownFileType = file.storyboard; name = Base; path = Base.lproj/Main.storyboard; sourceTree = "<group>"; };
		95AD244725BAFF94005D7E34 /* Assets.xcassets */ = {isa = PBXFileReference; lastKnownFileType = folder.assetcatalog; path = Assets.xcassets; sourceTree = "<group>"; };
		95AD244A25BAFF94005D7E34 /* Base */ = {isa = PBXFileReference; lastKnownFileType = file.storyboard; name = Base; path = Base.lproj/LaunchScreen.storyboard; sourceTree = "<group>"; };
		95AD244C25BAFF94005D7E34 /* Info.plist */ = {isa = PBXFileReference; lastKnownFileType = text.plist.xml; path = Info.plist; sourceTree = "<group>"; };
		95AD245425BB02EB005D7E34 /* HomeViewController.swift */ = {isa = PBXFileReference; lastKnownFileType = sourcecode.swift; path = HomeViewController.swift; sourceTree = "<group>"; };
		95CD273725BBC78E00B8B89C /* SettingViewController.swift */ = {isa = PBXFileReference; lastKnownFileType = sourcecode.swift; path = SettingViewController.swift; sourceTree = "<group>"; };
		95CD273A25BBC93400B8B89C /* Extensions.swift */ = {isa = PBXFileReference; lastKnownFileType = sourcecode.swift; path = Extensions.swift; sourceTree = "<group>"; };
		993F3394B82F7B27FCCE21C2 /* Pods-Mytimer.debug.xcconfig */ = {isa = PBXFileReference; includeInIndex = 1; lastKnownFileType = text.xcconfig; name = "Pods-Mytimer.debug.xcconfig"; path = "Target Support Files/Pods-Mytimer/Pods-Mytimer.debug.xcconfig"; sourceTree = "<group>"; };
		F09780AE3D19639A8200B1D1 /* Pods_Mytimer.framework */ = {isa = PBXFileReference; explicitFileType = wrapper.framework; includeInIndex = 0; path = Pods_Mytimer.framework; sourceTree = BUILT_PRODUCTS_DIR; };
/* End PBXFileReference section */

/* Begin PBXFrameworksBuildPhase section */
		95AD243825BAFF93005D7E34 /* Frameworks */ = {
			isa = PBXFrameworksBuildPhase;
			buildActionMask = 2147483647;
			files = (
				0E99C4F1A4D3485BD8C9346E /* Pods_Mytimer.framework in Frameworks */,
			);
			runOnlyForDeploymentPostprocessing = 0;
		};
/* End PBXFrameworksBuildPhase section */

/* Begin PBXGroup section */
		955870AA25BC4139004575A8 /* Model */ = {
			isa = PBXGroup;
			children = (
				955870A425BC40C4004575A8 /* MyTimer.swift */,
				955870A725BC4133004575A8 /* DataSource.swift */,
			);
			path = Model;
			sourceTree = "<group>";
		};
		958C19F925BBFE5700A8CD53 /* Controller */ = {
			isa = PBXGroup;
			children = (
				95AD245425BB02EB005D7E34 /* HomeViewController.swift */,
				958C19FE25BC068200A8CD53 /* ListViewController.swift */,
				95CD273725BBC78E00B8B89C /* SettingViewController.swift */,
			);
			path = Controller;
			sourceTree = "<group>";
		};
		958C19FB25BBFE7100A8CD53 /* View */ = {
			isa = PBXGroup;
			children = (
				95AD244425BAFF93005D7E34 /* Main.storyboard */,
				95AD244725BAFF94005D7E34 /* Assets.xcassets */,
				95AD244925BAFF94005D7E34 /* LaunchScreen.storyboard */,
			);
			path = View;
			sourceTree = "<group>";
		};
		95AD243225BAFF93005D7E34 = {
			isa = PBXGroup;
			children = (
				95AD243D25BAFF93005D7E34 /* Mytimer */,
				95AD243C25BAFF93005D7E34 /* Products */,
				F8884C9FC325FBC346C06D9B /* Pods */,
				DF68C1801269FF9153060AD0 /* Frameworks */,
			);
			sourceTree = "<group>";
		};
		95AD243C25BAFF93005D7E34 /* Products */ = {
			isa = PBXGroup;
			children = (
				95AD243B25BAFF93005D7E34 /* Mytimer.app */,
			);
			name = Products;
			sourceTree = "<group>";
		};
		95AD243D25BAFF93005D7E34 /* Mytimer */ = {
			isa = PBXGroup;
			children = (
				95AD243E25BAFF93005D7E34 /* AppDelegate.swift */,
				95AD244025BAFF93005D7E34 /* SceneDelegate.swift */,
				958C19F925BBFE5700A8CD53 /* Controller */,
				958C19FB25BBFE7100A8CD53 /* View */,
				95AD244C25BAFF94005D7E34 /* Info.plist */,
				95CD273A25BBC93400B8B89C /* Extensions.swift */,
				955870AA25BC4139004575A8 /* Model */,
			);
			path = Mytimer;
			sourceTree = "<group>";
		};
		DF68C1801269FF9153060AD0 /* Frameworks */ = {
			isa = PBXGroup;
			children = (
				F09780AE3D19639A8200B1D1 /* Pods_Mytimer.framework */,
			);
			name = Frameworks;
			sourceTree = "<group>";
		};
		F8884C9FC325FBC346C06D9B /* Pods */ = {
			isa = PBXGroup;
			children = (
				993F3394B82F7B27FCCE21C2 /* Pods-Mytimer.debug.xcconfig */,
				2C5FE235291A6D2497E4A029 /* Pods-Mytimer.release.xcconfig */,
			);
			path = Pods;
			sourceTree = "<group>";
		};
/* End PBXGroup section */

/* Begin PBXNativeTarget section */
		95AD243A25BAFF93005D7E34 /* Mytimer */ = {
			isa = PBXNativeTarget;
			buildConfigurationList = 95AD244F25BAFF94005D7E34 /* Build configuration list for PBXNativeTarget "Mytimer" */;
			buildPhases = (
				E1B5BE1C67334066E53CCDE9 /* [CP] Check Pods Manifest.lock */,
				95AD243725BAFF93005D7E34 /* Sources */,
				95AD243825BAFF93005D7E34 /* Frameworks */,
				95AD243925BAFF93005D7E34 /* Resources */,
				B31C8AC5717079ED4DC49C14 /* [CP] Embed Pods Frameworks */,
			);
			buildRules = (
			);
			dependencies = (
			);
			name = Mytimer;
			productName = Mytimer;
			productReference = 95AD243B25BAFF93005D7E34 /* Mytimer.app */;
			productType = "com.apple.product-type.application";
		};
/* End PBXNativeTarget section */

/* Begin PBXProject section */
		95AD243325BAFF93005D7E34 /* Project object */ = {
			isa = PBXProject;
			attributes = {
				LastSwiftUpdateCheck = 1230;
				LastUpgradeCheck = 1230;
				TargetAttributes = {
					95AD243A25BAFF93005D7E34 = {
						CreatedOnToolsVersion = 12.3;
					};
				};
			};
			buildConfigurationList = 95AD243625BAFF93005D7E34 /* Build configuration list for PBXProject "Mytimer" */;
			compatibilityVersion = "Xcode 9.3";
			developmentRegion = en;
			hasScannedForEncodings = 0;
			knownRegions = (
				en,
				Base,
			);
			mainGroup = 95AD243225BAFF93005D7E34;
			productRefGroup = 95AD243C25BAFF93005D7E34 /* Products */;
			projectDirPath = "";
			projectRoot = "";
			targets = (
				95AD243A25BAFF93005D7E34 /* Mytimer */,
			);
		};
/* End PBXProject section */

/* Begin PBXResourcesBuildPhase section */
		95AD243925BAFF93005D7E34 /* Resources */ = {
			isa = PBXResourcesBuildPhase;
			buildActionMask = 2147483647;
			files = (
				95AD244B25BAFF94005D7E34 /* LaunchScreen.storyboard in Resources */,
				95AD244825BAFF94005D7E34 /* Assets.xcassets in Resources */,
				95AD244625BAFF93005D7E34 /* Main.storyboard in Resources */,
			);
			runOnlyForDeploymentPostprocessing = 0;
		};
/* End PBXResourcesBuildPhase section */

/* Begin PBXShellScriptBuildPhase section */
		B31C8AC5717079ED4DC49C14 /* [CP] Embed Pods Frameworks */ = {
			isa = PBXShellScriptBuildPhase;
			buildActionMask = 2147483647;
			files = (
			);
			inputFileListPaths = (
				"${PODS_ROOT}/Target Support Files/Pods-Mytimer/Pods-Mytimer-frameworks-${CONFIGURATION}-input-files.xcfilelist",
			);
			name = "[CP] Embed Pods Frameworks";
			outputFileListPaths = (
				"${PODS_ROOT}/Target Support Files/Pods-Mytimer/Pods-Mytimer-frameworks-${CONFIGURATION}-output-files.xcfilelist",
			);
			runOnlyForDeploymentPostprocessing = 0;
			shellPath = /bin/sh;
			shellScript = "\"${PODS_ROOT}/Target Support Files/Pods-Mytimer/Pods-Mytimer-frameworks.sh\"\n";
			showEnvVarsInLog = 0;
		};
		E1B5BE1C67334066E53CCDE9 /* [CP] Check Pods Manifest.lock */ = {
			isa = PBXShellScriptBuildPhase;
			buildActionMask = 2147483647;
			files = (
			);
			inputFileListPaths = (
			);
			inputPaths = (
				"${PODS_PODFILE_DIR_PATH}/Podfile.lock",
				"${PODS_ROOT}/Manifest.lock",
			);
			name = "[CP] Check Pods Manifest.lock";
			outputFileListPaths = (
			);
			outputPaths = (
				"$(DERIVED_FILE_DIR)/Pods-Mytimer-checkManifestLockResult.txt",
			);
			runOnlyForDeploymentPostprocessing = 0;
			shellPath = /bin/sh;
			shellScript = "diff \"${PODS_PODFILE_DIR_PATH}/Podfile.lock\" \"${PODS_ROOT}/Manifest.lock\" > /dev/null\nif [ $? != 0 ] ; then\n    # print error to STDERR\n    echo \"error: The sandbox is not in sync with the Podfile.lock. Run 'pod install' or update your CocoaPods installation.\" >&2\n    exit 1\nfi\n# This output is used by Xcode 'outputs' to avoid re-running this script phase.\necho \"SUCCESS\" > \"${SCRIPT_OUTPUT_FILE_0}\"\n";
			showEnvVarsInLog = 0;
		};
/* End PBXShellScriptBuildPhase section */

/* Begin PBXSourcesBuildPhase section */
		95AD243725BAFF93005D7E34 /* Sources */ = {
			isa = PBXSourcesBuildPhase;
			buildActionMask = 2147483647;
			files = (
				95CD273825BBC78E00B8B89C /* SettingViewController.swift in Sources */,
				95CD273B25BBC93400B8B89C /* Extensions.swift in Sources */,
				955870A525BC40C4004575A8 /* MyTimer.swift in Sources */,
				958C19FF25BC068200A8CD53 /* ListViewController.swift in Sources */,
				95AD243F25BAFF93005D7E34 /* AppDelegate.swift in Sources */,
				95AD244125BAFF93005D7E34 /* SceneDelegate.swift in Sources */,
				955870A825BC4133004575A8 /* DataSource.swift in Sources */,
				95AD245525BB02EB005D7E34 /* HomeViewController.swift in Sources */,
			);
			runOnlyForDeploymentPostprocessing = 0;
		};
/* End PBXSourcesBuildPhase section */

/* Begin PBXVariantGroup section */
		95AD244425BAFF93005D7E34 /* Main.storyboard */ = {
			isa = PBXVariantGroup;
			children = (
				95AD244525BAFF93005D7E34 /* Base */,
			);
			name = Main.storyboard;
			sourceTree = "<group>";
		};
		95AD244925BAFF94005D7E34 /* LaunchScreen.storyboard */ = {
			isa = PBXVariantGroup;
			children = (
				95AD244A25BAFF94005D7E34 /* Base */,
			);
			name = LaunchScreen.storyboard;
			sourceTree = "<group>";
		};
/* End PBXVariantGroup section */

/* Begin XCBuildConfiguration section */
		95AD244D25BAFF94005D7E34 /* Debug */ = {
			isa = XCBuildConfiguration;
			buildSettings = {
				ALWAYS_SEARCH_USER_PATHS = NO;
				CLANG_ANALYZER_NONNULL = YES;
				CLANG_ANALYZER_NUMBER_OBJECT_CONVERSION = YES_AGGRESSIVE;
				CLANG_CXX_LANGUAGE_STANDARD = "gnu++14";
				CLANG_CXX_LIBRARY = "libc++";
				CLANG_ENABLE_MODULES = YES;
				CLANG_ENABLE_OBJC_ARC = YES;
				CLANG_ENABLE_OBJC_WEAK = YES;
				CLANG_WARN_BLOCK_CAPTURE_AUTORELEASING = YES;
				CLANG_WARN_BOOL_CONVERSION = YES;
				CLANG_WARN_COMMA = YES;
				CLANG_WARN_CONSTANT_CONVERSION = YES;
				CLANG_WARN_DEPRECATED_OBJC_IMPLEMENTATIONS = YES;
				CLANG_WARN_DIRECT_OBJC_ISA_USAGE = YES_ERROR;
				CLANG_WARN_DOCUMENTATION_COMMENTS = YES;
				CLANG_WARN_EMPTY_BODY = YES;
				CLANG_WARN_ENUM_CONVERSION = YES;
				CLANG_WARN_INFINITE_RECURSION = YES;
				CLANG_WARN_INT_CONVERSION = YES;
				CLANG_WARN_NON_LITERAL_NULL_CONVERSION = YES;
				CLANG_WARN_OBJC_IMPLICIT_RETAIN_SELF = YES;
				CLANG_WARN_OBJC_LITERAL_CONVERSION = YES;
				CLANG_WARN_OBJC_ROOT_CLASS = YES_ERROR;
				CLANG_WARN_QUOTED_INCLUDE_IN_FRAMEWORK_HEADER = YES;
				CLANG_WARN_RANGE_LOOP_ANALYSIS = YES;
				CLANG_WARN_STRICT_PROTOTYPES = YES;
				CLANG_WARN_SUSPICIOUS_MOVE = YES;
				CLANG_WARN_UNGUARDED_AVAILABILITY = YES_AGGRESSIVE;
				CLANG_WARN_UNREACHABLE_CODE = YES;
				CLANG_WARN__DUPLICATE_METHOD_MATCH = YES;
				COPY_PHASE_STRIP = NO;
				DEBUG_INFORMATION_FORMAT = dwarf;
				ENABLE_STRICT_OBJC_MSGSEND = YES;
				ENABLE_TESTABILITY = YES;
				GCC_C_LANGUAGE_STANDARD = gnu11;
				GCC_DYNAMIC_NO_PIC = NO;
				GCC_NO_COMMON_BLOCKS = YES;
				GCC_OPTIMIZATION_LEVEL = 0;
				GCC_PREPROCESSOR_DEFINITIONS = (
					"DEBUG=1",
					"$(inherited)",
				);
				GCC_WARN_64_TO_32_BIT_CONVERSION = YES;
				GCC_WARN_ABOUT_RETURN_TYPE = YES_ERROR;
				GCC_WARN_UNDECLARED_SELECTOR = YES;
				GCC_WARN_UNINITIALIZED_AUTOS = YES_AGGRESSIVE;
				GCC_WARN_UNUSED_FUNCTION = YES;
				GCC_WARN_UNUSED_VARIABLE = YES;
				IPHONEOS_DEPLOYMENT_TARGET = 14.3;
				MTL_ENABLE_DEBUG_INFO = INCLUDE_SOURCE;
				MTL_FAST_MATH = YES;
				ONLY_ACTIVE_ARCH = YES;
				SDKROOT = iphoneos;
				SWIFT_ACTIVE_COMPILATION_CONDITIONS = DEBUG;
				SWIFT_OPTIMIZATION_LEVEL = "-Onone";
			};
			name = Debug;
		};
		95AD244E25BAFF94005D7E34 /* Release */ = {
			isa = XCBuildConfiguration;
			buildSettings = {
				ALWAYS_SEARCH_USER_PATHS = NO;
				CLANG_ANALYZER_NONNULL = YES;
				CLANG_ANALYZER_NUMBER_OBJECT_CONVERSION = YES_AGGRESSIVE;
				CLANG_CXX_LANGUAGE_STANDARD = "gnu++14";
				CLANG_CXX_LIBRARY = "libc++";
				CLANG_ENABLE_MODULES = YES;
				CLANG_ENABLE_OBJC_ARC = YES;
				CLANG_ENABLE_OBJC_WEAK = YES;
				CLANG_WARN_BLOCK_CAPTURE_AUTORELEASING = YES;
				CLANG_WARN_BOOL_CONVERSION = YES;
				CLANG_WARN_COMMA = YES;
				CLANG_WARN_CONSTANT_CONVERSION = YES;
				CLANG_WARN_DEPRECATED_OBJC_IMPLEMENTATIONS = YES;
				CLANG_WARN_DIRECT_OBJC_ISA_USAGE = YES_ERROR;
				CLANG_WARN_DOCUMENTATION_COMMENTS = YES;
				CLANG_WARN_EMPTY_BODY = YES;
				CLANG_WARN_ENUM_CONVERSION = YES;
				CLANG_WARN_INFINITE_RECURSION = YES;
				CLANG_WARN_INT_CONVERSION = YES;
				CLANG_WARN_NON_LITERAL_NULL_CONVERSION = YES;
				CLANG_WARN_OBJC_IMPLICIT_RETAIN_SELF = YES;
				CLANG_WARN_OBJC_LITERAL_CONVERSION = YES;
				CLANG_WARN_OBJC_ROOT_CLASS = YES_ERROR;
				CLANG_WARN_QUOTED_INCLUDE_IN_FRAMEWORK_HEADER = YES;
				CLANG_WARN_RANGE_LOOP_ANALYSIS = YES;
				CLANG_WARN_STRICT_PROTOTYPES = YES;
				CLANG_WARN_SUSPICIOUS_MOVE = YES;
				CLANG_WARN_UNGUARDED_AVAILABILITY = YES_AGGRESSIVE;
				CLANG_WARN_UNREACHABLE_CODE = YES;
				CLANG_WARN__DUPLICATE_METHOD_MATCH = YES;
				COPY_PHASE_STRIP = NO;
				DEBUG_INFORMATION_FORMAT = "dwarf-with-dsym";
				ENABLE_NS_ASSERTIONS = NO;
				ENABLE_STRICT_OBJC_MSGSEND = YES;
				GCC_C_LANGUAGE_STANDARD = gnu11;
				GCC_NO_COMMON_BLOCKS = YES;
				GCC_WARN_64_TO_32_BIT_CONVERSION = YES;
				GCC_WARN_ABOUT_RETURN_TYPE = YES_ERROR;
				GCC_WARN_UNDECLARED_SELECTOR = YES;
				GCC_WARN_UNINITIALIZED_AUTOS = YES_AGGRESSIVE;
				GCC_WARN_UNUSED_FUNCTION = YES;
				GCC_WARN_UNUSED_VARIABLE = YES;
				IPHONEOS_DEPLOYMENT_TARGET = 14.3;
				MTL_ENABLE_DEBUG_INFO = NO;
				MTL_FAST_MATH = YES;
				SDKROOT = iphoneos;
				SWIFT_COMPILATION_MODE = wholemodule;
				SWIFT_OPTIMIZATION_LEVEL = "-O";
				VALIDATE_PRODUCT = YES;
			};
			name = Release;
		};
		95AD245025BAFF94005D7E34 /* Debug */ = {
			isa = XCBuildConfiguration;
			baseConfigurationReference = 993F3394B82F7B27FCCE21C2 /* Pods-Mytimer.debug.xcconfig */;
			buildSettings = {
				ASSETCATALOG_COMPILER_APPICON_NAME = AppIcon;
				ASSETCATALOG_COMPILER_GLOBAL_ACCENT_COLOR_NAME = AccentColor;
				CODE_SIGN_STYLE = Automatic;
				DEVELOPMENT_TEAM = 7RFPAQ2NAA;
				INFOPLIST_FILE = Mytimer/Info.plist;
				LD_RUNPATH_SEARCH_PATHS = (
					"$(inherited)",
					"@executable_path/Frameworks",
				);
				PRODUCT_BUNDLE_IDENTIFIER = com.shino.Mytimer;
				PRODUCT_NAME = "$(TARGET_NAME)";
				SWIFT_VERSION = 5.0;
				TARGETED_DEVICE_FAMILY = 1;
			};
			name = Debug;
		};
		95AD245125BAFF94005D7E34 /* Release */ = {
			isa = XCBuildConfiguration;
			baseConfigurationReference = 2C5FE235291A6D2497E4A029 /* Pods-Mytimer.release.xcconfig */;
			buildSettings = {
				ASSETCATALOG_COMPILER_APPICON_NAME = AppIcon;
				ASSETCATALOG_COMPILER_GLOBAL_ACCENT_COLOR_NAME = AccentColor;
				CODE_SIGN_STYLE = Automatic;
				DEVELOPMENT_TEAM = 7RFPAQ2NAA;
				INFOPLIST_FILE = Mytimer/Info.plist;
				LD_RUNPATH_SEARCH_PATHS = (
					"$(inherited)",
					"@executable_path/Frameworks",
				);
				PRODUCT_BUNDLE_IDENTIFIER = com.shino.Mytimer;
				PRODUCT_NAME = "$(TARGET_NAME)";
				SWIFT_VERSION = 5.0;
				TARGETED_DEVICE_FAMILY = 1;
			};
			name = Release;
		};
/* End XCBuildConfiguration section */

/* Begin XCConfigurationList section */
		95AD243625BAFF93005D7E34 /* Build configuration list for PBXProject "Mytimer" */ = {
			isa = XCConfigurationList;
			buildConfigurations = (
				95AD244D25BAFF94005D7E34 /* Debug */,
				95AD244E25BAFF94005D7E34 /* Release */,
			);
			defaultConfigurationIsVisible = 0;
			defaultConfigurationName = Release;
		};
		95AD244F25BAFF94005D7E34 /* Build configuration list for PBXNativeTarget "Mytimer" */ = {
			isa = XCConfigurationList;
			buildConfigurations = (
				95AD245025BAFF94005D7E34 /* Debug */,
				95AD245125BAFF94005D7E34 /* Release */,
			);
			defaultConfigurationIsVisible = 0;
			defaultConfigurationName = Release;
		};
/* End XCConfigurationList section */
	};
	rootObject = 95AD243325BAFF93005D7E34 /* Project object */;
}
